
Microsoft Visual Studio Solution File, Format Version 12.00
# Visual Studio Version 17
VisualStudioVersion = 17.7.34024.191
MinimumVisualStudioVersion = 10.0.40219.1
Project("{FAE04EC0-301F-11D3-BF4B-00C04F79EFBC}") = "353503_Martinovich_lab6", "353503_Martinovich_lab6.csproj", "{2C7F8A16-42C8-463A-886D-5DABEE6663C9}"
EndProject
Project("{FAE04EC0-301F-11D3-BF4B-00C04F79EFBC}") = "ClassLibrary1", "..\ClassLibrary1\ClassLibrary1.csproj", "{610F6C8A-247A-462F-B84B-07B8BD517D0B}"
EndProject
Global
	GlobalSection(SolutionConfigurationPlatforms) = preSolution
		Debug|Any CPU = Debug|Any CPU
		Release|Any CPU = Release|Any CPU
	EndGlobalSection
	GlobalSection(ProjectConfigurationPlatforms) = postSolution
		{2C7F8A16-42C8-463A-886D-5DABEE6663C9}.Debug|Any CPU.ActiveCfg = Debug|Any CPU
		{2C7F8A16-42C8-463A-886D-5DABEE6663C9}.Debug|Any CPU.Build.0 = Debug|Any CPU
		{2C7F8A16-42C8-463A-886D-5DABEE6663C9}.Release|Any CPU.ActiveCfg = Release|Any CPU
		{2C7F8A16-42C8-463A-886D-5DABEE6663C9}.Release|Any CPU.Build.0 = Release|Any CPU
		{610F6C8A-247A-462F-B84B-07B8BD517D0B}.Debug|Any CPU.ActiveCfg = Debug|Any CPU
		{610F6C8A-247A-462F-B84B-07B8BD517D0B}.Debug|Any CPU.Build.0 = Debug|Any CPU
		{610F6C8A-247A-462F-B84B-07B8BD517D0B}.Release|Any CPU.ActiveCfg = Release|Any CPU
		{610F6C8A-247A-462F-B84B-07B8BD517D0B}.Release|Any CPU.Build.0 = Release|Any CPU
	EndGlobalSection
	GlobalSection(SolutionProperties) = preSolution
		HideSolutionNode = FALSE
	EndGlobalSection
	GlobalSection(ExtensibilityGlobals) = postSolution
		SolutionGuid = {C1B3481D-8F8D-4AF9-BE55-2E4612D58FF6}
	EndGlobalSection
EndGlobal
